
Microsoft Visual Studio Solution File, Format Version 12.00
# Visual Studio Version 17
VisualStudioVersion = 17.4.33403.182
MinimumVisualStudioVersion = 10.0.40219.1
Project("{FAE04EC0-301F-11D3-BF4B-00C04F79EFBC}") = "Anket wpf", "Anket wpf\Anket wpf.csproj", "{53856E89-711E-45A1-9FCF-5F75FA20A27B}"
EndProject
Global
	GlobalSection(SolutionConfigurationPlatforms) = preSolution
		Debug|Any CPU = Debug|Any CPU
		Release|Any CPU = Release|Any CPU
	EndGlobalSection
	GlobalSection(ProjectConfigurationPlatforms) = postSolution
		{53856E89-711E-45A1-9FCF-5F75FA20A27B}.Debug|Any CPU.ActiveCfg = Debug|Any CPU
		{53856E89-711E-45A1-9FCF-5F75FA20A27B}.Debug|Any CPU.Build.0 = Debug|Any CPU
		{53856E89-711E-45A1-9FCF-5F75FA20A27B}.Release|Any CPU.ActiveCfg = Release|Any CPU
		{53856E89-711E-45A1-9FCF-5F75FA20A27B}.Release|Any CPU.Build.0 = Release|Any CPU
	EndGlobalSection
	GlobalSection(SolutionProperties) = preSolution
		HideSolutionNode = FALSE
	EndGlobalSection
	GlobalSection(ExtensibilityGlobals) = postSolution
		SolutionGuid = {D6509E72-B8C3-42E6-B39E-03F14FD80EE5}
	EndGlobalSection
EndGlobal
